
Microsoft Visual Studio Solution File, Format Version 12.00
# Visual Studio Version 17
VisualStudioVersion = 17.5.33530.505
MinimumVisualStudioVersion = 10.0.40219.1
Project("{FAE04EC0-301F-11D3-BF4B-00C04F79EFBC}") = "AprendendoCsharp - 1-OlaMundo", "AprendendoCsharp - 1-OlaMundo.csproj", "{23FCBF11-DB8B-41E0-B639-0EFCFAD11340}"
EndProject
Global
	GlobalSection(SolutionConfigurationPlatforms) = preSolution
		Debug|Any CPU = Debug|Any CPU
		Release|Any CPU = Release|Any CPU
	EndGlobalSection
	GlobalSection(ProjectConfigurationPlatforms) = postSolution
		{23FCBF11-DB8B-41E0-B639-0EFCFAD11340}.Debug|Any CPU.ActiveCfg = Debug|Any CPU
		{23FCBF11-DB8B-41E0-B639-0EFCFAD11340}.Debug|Any CPU.Build.0 = Debug|Any CPU
		{23FCBF11-DB8B-41E0-B639-0EFCFAD11340}.Release|Any CPU.ActiveCfg = Release|Any CPU
		{23FCBF11-DB8B-41E0-B639-0EFCFAD11340}.Release|Any CPU.Build.0 = Release|Any CPU
	EndGlobalSection
	GlobalSection(SolutionProperties) = preSolution
		HideSolutionNode = FALSE
	EndGlobalSection
	GlobalSection(ExtensibilityGlobals) = postSolution
		SolutionGuid = {AB5495C2-510C-4239-9BBE-5704AFDEE230}
	EndGlobalSection
EndGlobal
