
Microsoft Visual Studio Solution File, Format Version 12.00
# Visual Studio Version 17
VisualStudioVersion = 17.5.33530.505
MinimumVisualStudioVersion = 10.0.40219.1
Project("{FAE04EC0-301F-11D3-BF4B-00C04F79EFBC}") = "AprendendoCsharp - 4-ConversoesEOutrosTipos", "AprendendoCsharp - 4-ConversoesEOutrosTipos.csproj", "{661B8DC3-4B65-42FF-B9D9-81006419E477}"
EndProject
Global
	GlobalSection(SolutionConfigurationPlatforms) = preSolution
		Debug|Any CPU = Debug|Any CPU
		Release|Any CPU = Release|Any CPU
	EndGlobalSection
	GlobalSection(ProjectConfigurationPlatforms) = postSolution
		{661B8DC3-4B65-42FF-B9D9-81006419E477}.Debug|Any CPU.ActiveCfg = Debug|Any CPU
		{661B8DC3-4B65-42FF-B9D9-81006419E477}.Debug|Any CPU.Build.0 = Debug|Any CPU
		{661B8DC3-4B65-42FF-B9D9-81006419E477}.Release|Any CPU.ActiveCfg = Release|Any CPU
		{661B8DC3-4B65-42FF-B9D9-81006419E477}.Release|Any CPU.Build.0 = Release|Any CPU
	EndGlobalSection
	GlobalSection(SolutionProperties) = preSolution
		HideSolutionNode = FALSE
	EndGlobalSection
	GlobalSection(ExtensibilityGlobals) = postSolution
		SolutionGuid = {14789435-3737-4474-A370-634115D7D9F6}
	EndGlobalSection
EndGlobal
