
Microsoft Visual Studio Solution File, Format Version 12.00
# Visual Studio Version 17
VisualStudioVersion = 17.5.33530.505
MinimumVisualStudioVersion = 10.0.40219.1
Project("{FAE04EC0-301F-11D3-BF4B-00C04F79EFBC}") = "AprendendoCsharp - 9-Escopo", "AprendendoCsharp - 9-Escopo.csproj", "{A7A17630-621C-457A-96F7-C306B77399DB}"
EndProject
Global
	GlobalSection(SolutionConfigurationPlatforms) = preSolution
		Debug|Any CPU = Debug|Any CPU
		Release|Any CPU = Release|Any CPU
	EndGlobalSection
	GlobalSection(ProjectConfigurationPlatforms) = postSolution
		{A7A17630-621C-457A-96F7-C306B77399DB}.Debug|Any CPU.ActiveCfg = Debug|Any CPU
		{A7A17630-621C-457A-96F7-C306B77399DB}.Debug|Any CPU.Build.0 = Debug|Any CPU
		{A7A17630-621C-457A-96F7-C306B77399DB}.Release|Any CPU.ActiveCfg = Release|Any CPU
		{A7A17630-621C-457A-96F7-C306B77399DB}.Release|Any CPU.Build.0 = Release|Any CPU
	EndGlobalSection
	GlobalSection(SolutionProperties) = preSolution
		HideSolutionNode = FALSE
	EndGlobalSection
	GlobalSection(ExtensibilityGlobals) = postSolution
		SolutionGuid = {DE24FDDE-219F-4184-872E-663FAFF0F521}
	EndGlobalSection
EndGlobal
