
Microsoft Visual Studio Solution File, Format Version 12.00
# Visual Studio Version 17
VisualStudioVersion = 17.5.33530.505
MinimumVisualStudioVersion = 10.0.40219.1
Project("{FAE04EC0-301F-11D3-BF4B-00C04F79EFBC}") = "AprendendoCsharp - 7-Condicionais", "AprendendoCsharp - 7-Condicionais.csproj", "{D57A9BEE-4985-4658-8DFA-72A6C25CB58D}"
EndProject
Global
	GlobalSection(SolutionConfigurationPlatforms) = preSolution
		Debug|Any CPU = Debug|Any CPU
		Release|Any CPU = Release|Any CPU
	EndGlobalSection
	GlobalSection(ProjectConfigurationPlatforms) = postSolution
		{D57A9BEE-4985-4658-8DFA-72A6C25CB58D}.Debug|Any CPU.ActiveCfg = Debug|Any CPU
		{D57A9BEE-4985-4658-8DFA-72A6C25CB58D}.Debug|Any CPU.Build.0 = Debug|Any CPU
		{D57A9BEE-4985-4658-8DFA-72A6C25CB58D}.Release|Any CPU.ActiveCfg = Release|Any CPU
		{D57A9BEE-4985-4658-8DFA-72A6C25CB58D}.Release|Any CPU.Build.0 = Release|Any CPU
	EndGlobalSection
	GlobalSection(SolutionProperties) = preSolution
		HideSolutionNode = FALSE
	EndGlobalSection
	GlobalSection(ExtensibilityGlobals) = postSolution
		SolutionGuid = {B265061B-A920-4222-87DF-F4F7C47D2822}
	EndGlobalSection
EndGlobal
