
Microsoft Visual Studio Solution File, Format Version 12.00
# Visual Studio Version 17
VisualStudioVersion = 17.5.33530.505
MinimumVisualStudioVersion = 10.0.40219.1
Project("{FAE04EC0-301F-11D3-BF4B-00C04F79EFBC}") = "AprendendoCsharp - 5-CaracteresETextos", "AprendendoCsharp - 5-CaracteresETextos.csproj", "{A1982E7C-D914-448E-AC57-D881BF4B7705}"
EndProject
Global
	GlobalSection(SolutionConfigurationPlatforms) = preSolution
		Debug|Any CPU = Debug|Any CPU
		Release|Any CPU = Release|Any CPU
	EndGlobalSection
	GlobalSection(ProjectConfigurationPlatforms) = postSolution
		{A1982E7C-D914-448E-AC57-D881BF4B7705}.Debug|Any CPU.ActiveCfg = Debug|Any CPU
		{A1982E7C-D914-448E-AC57-D881BF4B7705}.Debug|Any CPU.Build.0 = Debug|Any CPU
		{A1982E7C-D914-448E-AC57-D881BF4B7705}.Release|Any CPU.ActiveCfg = Release|Any CPU
		{A1982E7C-D914-448E-AC57-D881BF4B7705}.Release|Any CPU.Build.0 = Release|Any CPU
	EndGlobalSection
	GlobalSection(SolutionProperties) = preSolution
		HideSolutionNode = FALSE
	EndGlobalSection
	GlobalSection(ExtensibilityGlobals) = postSolution
		SolutionGuid = {035421D1-2B5F-4F65-9BE7-9EF9AB872146}
	EndGlobalSection
EndGlobal
